
Microsoft Visual Studio Solution File, Format Version 12.00
# Visual Studio 15
VisualStudioVersion = 15.0.26124.0
MinimumVisualStudioVersion = 15.0.26124.0
Project("{FAE04EC0-301F-11D3-BF4B-00C04F79EFBC}") = "Bitly", "Bitly\Bitly.csproj", "{5BE826D4-1061-40D0-A21E-6AC182DF323F}"
EndProject
Project("{FAE04EC0-301F-11D3-BF4B-00C04F79EFBC}") = "Bitly.Tests", "Bitly.Tests\Bitly.Tests.csproj", "{CF79E356-E2EF-42A3-95AB-84F6E8DC154E}"
EndProject
Global
	GlobalSection(SolutionConfigurationPlatforms) = preSolution
		Debug|Any CPU = Debug|Any CPU
		Debug|x64 = Debug|x64
		Debug|x86 = Debug|x86
		Release|Any CPU = Release|Any CPU
		Release|x64 = Release|x64
		Release|x86 = Release|x86
	EndGlobalSection
	GlobalSection(SolutionProperties) = preSolution
		HideSolutionNode = FALSE
	EndGlobalSection
	GlobalSection(ProjectConfigurationPlatforms) = postSolution
		{5BE826D4-1061-40D0-A21E-6AC182DF323F}.Debug|Any CPU.ActiveCfg = Debug|Any CPU
		{5BE826D4-1061-40D0-A21E-6AC182DF323F}.Debug|Any CPU.Build.0 = Debug|Any CPU
		{5BE826D4-1061-40D0-A21E-6AC182DF323F}.Debug|x64.ActiveCfg = Debug|x64
		{5BE826D4-1061-40D0-A21E-6AC182DF323F}.Debug|x64.Build.0 = Debug|x64
		{5BE826D4-1061-40D0-A21E-6AC182DF323F}.Debug|x86.ActiveCfg = Debug|x86
		{5BE826D4-1061-40D0-A21E-6AC182DF323F}.Debug|x86.Build.0 = Debug|x86
		{5BE826D4-1061-40D0-A21E-6AC182DF323F}.Release|Any CPU.ActiveCfg = Release|Any CPU
		{5BE826D4-1061-40D0-A21E-6AC182DF323F}.Release|Any CPU.Build.0 = Release|Any CPU
		{5BE826D4-1061-40D0-A21E-6AC182DF323F}.Release|x64.ActiveCfg = Release|x64
		{5BE826D4-1061-40D0-A21E-6AC182DF323F}.Release|x64.Build.0 = Release|x64
		{5BE826D4-1061-40D0-A21E-6AC182DF323F}.Release|x86.ActiveCfg = Release|x86
		{5BE826D4-1061-40D0-A21E-6AC182DF323F}.Release|x86.Build.0 = Release|x86
		{CF79E356-E2EF-42A3-95AB-84F6E8DC154E}.Debug|Any CPU.ActiveCfg = Debug|Any CPU
		{CF79E356-E2EF-42A3-95AB-84F6E8DC154E}.Debug|Any CPU.Build.0 = Debug|Any CPU
		{CF79E356-E2EF-42A3-95AB-84F6E8DC154E}.Debug|x64.ActiveCfg = Debug|x64
		{CF79E356-E2EF-42A3-95AB-84F6E8DC154E}.Debug|x64.Build.0 = Debug|x64
		{CF79E356-E2EF-42A3-95AB-84F6E8DC154E}.Debug|x86.ActiveCfg = Debug|x86
		{CF79E356-E2EF-42A3-95AB-84F6E8DC154E}.Debug|x86.Build.0 = Debug|x86
		{CF79E356-E2EF-42A3-95AB-84F6E8DC154E}.Release|Any CPU.ActiveCfg = Release|Any CPU
		{CF79E356-E2EF-42A3-95AB-84F6E8DC154E}.Release|Any CPU.Build.0 = Release|Any CPU
		{CF79E356-E2EF-42A3-95AB-84F6E8DC154E}.Release|x64.ActiveCfg = Release|x64
		{CF79E356-E2EF-42A3-95AB-84F6E8DC154E}.Release|x64.Build.0 = Release|x64
		{CF79E356-E2EF-42A3-95AB-84F6E8DC154E}.Release|x86.ActiveCfg = Release|x86
		{CF79E356-E2EF-42A3-95AB-84F6E8DC154E}.Release|x86.Build.0 = Release|x86
	EndGlobalSection
EndGlobal
